
Microsoft Visual Studio Solution File, Format Version 12.00
# Visual Studio Version 16
VisualStudioVersion = 16.0.29403.142
MinimumVisualStudioVersion = 10.0.40219.1
Project("{FAE04EC0-301F-11D3-BF4B-00C04F79EFBC}") = "prueba1", "prueba1\prueba1.csproj", "{AB3ADEB7-B67F-411A-B367-1AFC5E293B0D}"
EndProject
Global
	GlobalSection(SolutionConfigurationPlatforms) = preSolution
		Debug|Any CPU = Debug|Any CPU
		Release|Any CPU = Release|Any CPU
	EndGlobalSection
	GlobalSection(ProjectConfigurationPlatforms) = postSolution
		{AB3ADEB7-B67F-411A-B367-1AFC5E293B0D}.Debug|Any CPU.ActiveCfg = Debug|Any CPU
		{AB3ADEB7-B67F-411A-B367-1AFC5E293B0D}.Debug|Any CPU.Build.0 = Debug|Any CPU
		{AB3ADEB7-B67F-411A-B367-1AFC5E293B0D}.Release|Any CPU.ActiveCfg = Release|Any CPU
		{AB3ADEB7-B67F-411A-B367-1AFC5E293B0D}.Release|Any CPU.Build.0 = Release|Any CPU
	EndGlobalSection
	GlobalSection(SolutionProperties) = preSolution
		HideSolutionNode = FALSE
	EndGlobalSection
	GlobalSection(ExtensibilityGlobals) = postSolution
		SolutionGuid = {CB77FB49-F19A-424E-B962-416B0A433E7D}
	EndGlobalSection
EndGlobal
